// !$*UTF8*$!
{
	archiveVersion = 1;
	classes = {
	};
	objectVersion = 50;
	objects = {

/* Begin PBXBuildFile section */
		99073EC7266D29B80012E431 /* AppDelegate.swift in Sources */ = {isa = PBXBuildFile; fileRef = 99073EC6266D29B80012E431 /* AppDelegate.swift */; };
		99073EC9266D29B80012E431 /* SceneDelegate.swift in Sources */ = {isa = PBXBuildFile; fileRef = 99073EC8266D29B80012E431 /* SceneDelegate.swift */; };
		99073ECB266D29B80012E431 /* ViewController.swift in Sources */ = {isa = PBXBuildFile; fileRef = 99073ECA266D29B80012E431 /* ViewController.swift */; };
		99073ECE266D29B80012E431 /* Main.storyboard in Resources */ = {isa = PBXBuildFile; fileRef = 99073ECC266D29B80012E431 /* Main.storyboard */; };
		99073ED0266D29B90012E431 /* Assets.xcassets in Resources */ = {isa = PBXBuildFile; fileRef = 99073ECF266D29B90012E431 /* Assets.xcassets */; };
		99073ED3266D29B90012E431 /* LaunchScreen.storyboard in Resources */ = {isa = PBXBuildFile; fileRef = 99073ED1266D29B90012E431 /* LaunchScreen.storyboard */; };
		99073EDB266D2DF40012E431 /* DetailsViewController.swift in Sources */ = {isa = PBXBuildFile; fileRef = 99073EDA266D2DF40012E431 /* DetailsViewController.swift */; };
		99073EDD266D2FCF0012E431 /* City.swift in Sources */ = {isa = PBXBuildFile; fileRef = 99073EDC266D2FCF0012E431 /* City.swift */; };
/* End PBXBuildFile section */

/* Begin PBXFileReference section */
		99073EC3266D29B80012E431 /* CityI​ntroductionBook.app */ = {isa = PBXFileReference; explicitFileType = wrapper.application; includeInIndex = 0; path = "CityI​ntroductionBook.app"; sourceTree = BUILT_PRODUCTS_DIR; };
		99073EC6266D29B80012E431 /* AppDelegate.swift */ = {isa = PBXFileReference; lastKnownFileType = sourcecode.swift; path = AppDelegate.swift; sourceTree = "<group>"; };
		99073EC8266D29B80012E431 /* SceneDelegate.swift */ = {isa = PBXFileReference; lastKnownFileType = sourcecode.swift; path = SceneDelegate.swift; sourceTree = "<group>"; };
		99073ECA266D29B80012E431 /* ViewController.swift */ = {isa = PBXFileReference; lastKnownFileType = sourcecode.swift; path = ViewController.swift; sourceTree = "<group>"; };
		99073ECD266D29B80012E431 /* Base */ = {isa = PBXFileReference; lastKnownFileType = file.storyboard; name = Base; path = Base.lproj/Main.storyboard; sourceTree = "<group>"; };
		99073ECF266D29B90012E431 /* Assets.xcassets */ = {isa = PBXFileReference; lastKnownFileType = folder.assetcatalog; path = Assets.xcassets; sourceTree = "<group>"; };
		99073ED2266D29B90012E431 /* Base */ = {isa = PBXFileReference; lastKnownFileType = file.storyboard; name = Base; path = Base.lproj/LaunchScreen.storyboard; sourceTree = "<group>"; };
		99073ED4266D29B90012E431 /* Info.plist */ = {isa = PBXFileReference; lastKnownFileType = text.plist.xml; path = Info.plist; sourceTree = "<group>"; };
		99073EDA266D2DF40012E431 /* DetailsViewController.swift */ = {isa = PBXFileReference; lastKnownFileType = sourcecode.swift; path = DetailsViewController.swift; sourceTree = "<group>"; };
		99073EDC266D2FCF0012E431 /* City.swift */ = {isa = PBXFileReference; lastKnownFileType = sourcecode.swift; path = City.swift; sourceTree = "<group>"; };
/* End PBXFileReference section */

/* Begin PBXFrameworksBuildPhase section */
		99073EC0266D29B80012E431 /* Frameworks */ = {
			isa = PBXFrameworksBuildPhase;
			buildActionMask = 2147483647;
			files = (
			);
			runOnlyForDeploymentPostprocessing = 0;
		};
/* End PBXFrameworksBuildPhase section */

/* Begin PBXGroup section */
		99073EBA266D29B80012E431 = {
			isa = PBXGroup;
			children = (
				99073EC5266D29B80012E431 /* CityI​ntroductionBook */,
			);
			sourceTree = "<group>";
		};
		99073EC4266D29B80012E431 /* Products */ = {
			isa = PBXGroup;
			children = (
				99073EC3266D29B80012E431 /* CityI​ntroductionBook.app */,
			);
			name = Products;
			path = ..;
			sourceTree = "<group>";
		};
		99073EC5266D29B80012E431 /* CityI​ntroductionBook */ = {
			isa = PBXGroup;
			children = (
				99073EC6266D29B80012E431 /* AppDelegate.swift */,
				99073EC8266D29B80012E431 /* SceneDelegate.swift */,
				99073EDC266D2FCF0012E431 /* City.swift */,
				99073ECA266D29B80012E431 /* ViewController.swift */,
				99073EDA266D2DF40012E431 /* DetailsViewController.swift */,
				99073ECC266D29B80012E431 /* Main.storyboard */,
				99073ECF266D29B90012E431 /* Assets.xcassets */,
				99073ED1266D29B90012E431 /* LaunchScreen.storyboard */,
				99073ED4266D29B90012E431 /* Info.plist */,
				99073EC4266D29B80012E431 /* Products */,
			);
			path = "CityI​ntroductionBook";
			sourceTree = "<group>";
		};
/* End PBXGroup section */

/* Begin PBXNativeTarget section */
		99073EC2266D29B80012E431 /* CityI​ntroductionBook */ = {
			isa = PBXNativeTarget;
			buildConfigurationList = 99073ED7266D29B90012E431 /* Build configuration list for PBXNativeTarget "CityI​ntroductionBook" */;
			buildPhases = (
				99073EBF266D29B80012E431 /* Sources */,
				99073EC0266D29B80012E431 /* Frameworks */,
				99073EC1266D29B80012E431 /* Resources */,
			);
			buildRules = (
			);
			dependencies = (
			);
			name = "CityI​ntroductionBook";
			productName = "CityI​ntroductionBook";
			productReference = 99073EC3266D29B80012E431 /* CityI​ntroductionBook.app */;
			productType = "com.apple.product-type.application";
		};
/* End PBXNativeTarget section */

/* Begin PBXProject section */
		99073EBB266D29B80012E431 /* Project object */ = {
			isa = PBXProject;
			attributes = {
				LastSwiftUpdateCheck = 1250;
				LastUpgradeCheck = 1250;
				TargetAttributes = {
					99073EC2266D29B80012E431 = {
						CreatedOnToolsVersion = 12.5;
					};
				};
			};
			buildConfigurationList = 99073EBE266D29B80012E431 /* Build configuration list for PBXProject "CityI​ntroductionBook" */;
			compatibilityVersion = "Xcode 9.3";
			developmentRegion = en;
			hasScannedForEncodings = 0;
			knownRegions = (
				en,
				Base,
			);
			mainGroup = 99073EBA266D29B80012E431;
			productRefGroup = 99073EC4266D29B80012E431 /* Products */;
			projectDirPath = "";
			projectRoot = "";
			targets = (
				99073EC2266D29B80012E431 /* CityI​ntroductionBook */,
			);
		};
/* End PBXProject section */

/* Begin PBXResourcesBuildPhase section */
		99073EC1266D29B80012E431 /* Resources */ = {
			isa = PBXResourcesBuildPhase;
			buildActionMask = 2147483647;
			files = (
				99073ED3266D29B90012E431 /* LaunchScreen.storyboard in Resources */,
				99073ED0266D29B90012E431 /* Assets.xcassets in Resources */,
				99073ECE266D29B80012E431 /* Main.storyboard in Resources */,
			);
			runOnlyForDeploymentPostprocessing = 0;
		};
/* End PBXResourcesBuildPhase section */

/* Begin PBXSourcesBuildPhase section */
		99073EBF266D29B80012E431 /* Sources */ = {
			isa = PBXSourcesBuildPhase;
			buildActionMask = 2147483647;
			files = (
				99073ECB266D29B80012E431 /* ViewController.swift in Sources */,
				99073EDD266D2FCF0012E431 /* City.swift in Sources */,
				99073EC7266D29B80012E431 /* AppDelegate.swift in Sources */,
				99073EC9266D29B80012E431 /* SceneDelegate.swift in Sources */,
				99073EDB266D2DF40012E431 /* DetailsViewController.swift in Sources */,
			);
			runOnlyForDeploymentPostprocessing = 0;
		};
/* End PBXSourcesBuildPhase section */

/* Begin PBXVariantGroup section */
		99073ECC266D29B80012E431 /* Main.storyboard */ = {
			isa = PBXVariantGroup;
			children = (
				99073ECD266D29B80012E431 /* Base */,
			);
			name = Main.storyboard;
			sourceTree = "<group>";
		};
		99073ED1266D29B90012E431 /* LaunchScreen.storyboard */ = {
			isa = PBXVariantGroup;
			children = (
				99073ED2266D29B90012E431 /* Base */,
			);
			name = LaunchScreen.storyboard;
			sourceTree = "<group>";
		};
/* End PBXVariantGroup section */

/* Begin XCBuildConfiguration section */
		99073ED5266D29B90012E431 /* Debug */ = {
			isa = XCBuildConfiguration;
			buildSettings = {
				ALWAYS_SEARCH_USER_PATHS = NO;
				CLANG_ANALYZER_NONNULL = YES;
				CLANG_ANALYZER_NUMBER_OBJECT_CONVERSION = YES_AGGRESSIVE;
				CLANG_CXX_LANGUAGE_STANDARD = "gnu++14";
				CLANG_CXX_LIBRARY = "libc++";
				CLANG_ENABLE_MODULES = YES;
				CLANG_ENABLE_OBJC_ARC = YES;
				CLANG_ENABLE_OBJC_WEAK = YES;
				CLANG_WARN_BLOCK_CAPTURE_AUTORELEASING = YES;
				CLANG_WARN_BOOL_CONVERSION = YES;
				CLANG_WARN_COMMA = YES;
				CLANG_WARN_CONSTANT_CONVERSION = YES;
				CLANG_WARN_DEPRECATED_OBJC_IMPLEMENTATIONS = YES;
				CLANG_WARN_DIRECT_OBJC_ISA_USAGE = YES_ERROR;
				CLANG_WARN_DOCUMENTATION_COMMENTS = YES;
				CLANG_WARN_EMPTY_BODY = YES;
				CLANG_WARN_ENUM_CONVERSION = YES;
				CLANG_WARN_INFINITE_RECURSION = YES;
				CLANG_WARN_INT_CONVERSION = YES;
				CLANG_WARN_NON_LITERAL_NULL_CONVERSION = YES;
				CLANG_WARN_OBJC_IMPLICIT_RETAIN_SELF = YES;
				CLANG_WARN_OBJC_LITERAL_CONVERSION = YES;
				CLANG_WARN_OBJC_ROOT_CLASS = YES_ERROR;
				CLANG_WARN_QUOTED_INCLUDE_IN_FRAMEWORK_HEADER = YES;
				CLANG_WARN_RANGE_LOOP_ANALYSIS = YES;
				CLANG_WARN_STRICT_PROTOTYPES = YES;
				CLANG_WARN_SUSPICIOUS_MOVE = YES;
				CLANG_WARN_UNGUARDED_AVAILABILITY = YES_AGGRESSIVE;
				CLANG_WARN_UNREACHABLE_CODE = YES;
				CLANG_WARN__DUPLICATE_METHOD_MATCH = YES;
				COPY_PHASE_STRIP = NO;
				DEBUG_INFORMATION_FORMAT = dwarf;
				ENABLE_STRICT_OBJC_MSGSEND = YES;
				ENABLE_TESTABILITY = YES;
				GCC_C_LANGUAGE_STANDARD = gnu11;
				GCC_DYNAMIC_NO_PIC = NO;
				GCC_NO_COMMON_BLOCKS = YES;
				GCC_OPTIMIZATION_LEVEL = 0;
				GCC_PREPROCESSOR_DEFINITIONS = (
					"DEBUG=1",
					"$(inherited)",
				);
				GCC_WARN_64_TO_32_BIT_CONVERSION = YES;
				GCC_WARN_ABOUT_RETURN_TYPE = YES_ERROR;
				GCC_WARN_UNDECLARED_SELECTOR = YES;
				GCC_WARN_UNINITIALIZED_AUTOS = YES_AGGRESSIVE;
				GCC_WARN_UNUSED_FUNCTION = YES;
				GCC_WARN_UNUSED_VARIABLE = YES;
				IPHONEOS_DEPLOYMENT_TARGET = 14.5;
				MTL_ENABLE_DEBUG_INFO = INCLUDE_SOURCE;
				MTL_FAST_MATH = YES;
				ONLY_ACTIVE_ARCH = YES;
				SDKROOT = iphoneos;
				SWIFT_ACTIVE_COMPILATION_CONDITIONS = DEBUG;
				SWIFT_OPTIMIZATION_LEVEL = "-Onone";
			};
			name = Debug;
		};
		99073ED6266D29B90012E431 /* Release */ = {
			isa = XCBuildConfiguration;
			buildSettings = {
				ALWAYS_SEARCH_USER_PATHS = NO;
				CLANG_ANALYZER_NONNULL = YES;
				CLANG_ANALYZER_NUMBER_OBJECT_CONVERSION = YES_AGGRESSIVE;
				CLANG_CXX_LANGUAGE_STANDARD = "gnu++14";
				CLANG_CXX_LIBRARY = "libc++";
				CLANG_ENABLE_MODULES = YES;
				CLANG_ENABLE_OBJC_ARC = YES;
				CLANG_ENABLE_OBJC_WEAK = YES;
				CLANG_WARN_BLOCK_CAPTURE_AUTORELEASING = YES;
				CLANG_WARN_BOOL_CONVERSION = YES;
				CLANG_WARN_COMMA = YES;
				CLANG_WARN_CONSTANT_CONVERSION = YES;
				CLANG_WARN_DEPRECATED_OBJC_IMPLEMENTATIONS = YES;
				CLANG_WARN_DIRECT_OBJC_ISA_USAGE = YES_ERROR;
				CLANG_WARN_DOCUMENTATION_COMMENTS = YES;
				CLANG_WARN_EMPTY_BODY = YES;
				CLANG_WARN_ENUM_CONVERSION = YES;
				CLANG_WARN_INFINITE_RECURSION = YES;
				CLANG_WARN_INT_CONVERSION = YES;
				CLANG_WARN_NON_LITERAL_NULL_CONVERSION = YES;
				CLANG_WARN_OBJC_IMPLICIT_RETAIN_SELF = YES;
				CLANG_WARN_OBJC_LITERAL_CONVERSION = YES;
				CLANG_WARN_OBJC_ROOT_CLASS = YES_ERROR;
				CLANG_WARN_QUOTED_INCLUDE_IN_FRAMEWORK_HEADER = YES;
				CLANG_WARN_RANGE_LOOP_ANALYSIS = YES;
				CLANG_WARN_STRICT_PROTOTYPES = YES;
				CLANG_WARN_SUSPICIOUS_MOVE = YES;
				CLANG_WARN_UNGUARDED_AVAILABILITY = YES_AGGRESSIVE;
				CLANG_WARN_UNREACHABLE_CODE = YES;
				CLANG_WARN__DUPLICATE_METHOD_MATCH = YES;
				COPY_PHASE_STRIP = NO;
				DEBUG_INFORMATION_FORMAT = "dwarf-with-dsym";
				ENABLE_NS_ASSERTIONS = NO;
				ENABLE_STRICT_OBJC_MSGSEND = YES;
				GCC_C_LANGUAGE_STANDARD = gnu11;
				GCC_NO_COMMON_BLOCKS = YES;
				GCC_WARN_64_TO_32_BIT_CONVERSION = YES;
				GCC_WARN_ABOUT_RETURN_TYPE = YES_ERROR;
				GCC_WARN_UNDECLARED_SELECTOR = YES;
				GCC_WARN_UNINITIALIZED_AUTOS = YES_AGGRESSIVE;
				GCC_WARN_UNUSED_FUNCTION = YES;
				GCC_WARN_UNUSED_VARIABLE = YES;
				IPHONEOS_DEPLOYMENT_TARGET = 14.5;
				MTL_ENABLE_DEBUG_INFO = NO;
				MTL_FAST_MATH = YES;
				SDKROOT = iphoneos;
				SWIFT_COMPILATION_MODE = wholemodule;
				SWIFT_OPTIMIZATION_LEVEL = "-O";
				VALIDATE_PRODUCT = YES;
			};
			name = Release;
		};
		99073ED8266D29B90012E431 /* Debug */ = {
			isa = XCBuildConfiguration;
			buildSettings = {
				ASSETCATALOG_COMPILER_APPICON_NAME = AppIcon;
				ASSETCATALOG_COMPILER_GLOBAL_ACCENT_COLOR_NAME = AccentColor;
				CODE_SIGN_STYLE = Automatic;
				DEVELOPMENT_TEAM = 9RSV23HK8F;
				INFOPLIST_FILE = "CityI​ntroductionBook/Info.plist";
				LD_RUNPATH_SEARCH_PATHS = (
					"$(inherited)",
					"@executable_path/Frameworks",
				);
				PRODUCT_BUNDLE_IDENTIFIER = "com.harundogdu.CityI-ntroductionBook";
				PRODUCT_NAME = "$(TARGET_NAME)";
				SWIFT_VERSION = 5.0;
				TARGETED_DEVICE_FAMILY = "1,2";
			};
			name = Debug;
		};
		99073ED9266D29B90012E431 /* Release */ = {
			isa = XCBuildConfiguration;
			buildSettings = {
				ASSETCATALOG_COMPILER_APPICON_NAME = AppIcon;
				ASSETCATALOG_COMPILER_GLOBAL_ACCENT_COLOR_NAME = AccentColor;
				CODE_SIGN_STYLE = Automatic;
				DEVELOPMENT_TEAM = 9RSV23HK8F;
				INFOPLIST_FILE = "CityI​ntroductionBook/Info.plist";
				LD_RUNPATH_SEARCH_PATHS = (
					"$(inherited)",
					"@executable_path/Frameworks",
				);
				PRODUCT_BUNDLE_IDENTIFIER = "com.harundogdu.CityI-ntroductionBook";
				PRODUCT_NAME = "$(TARGET_NAME)";
				SWIFT_VERSION = 5.0;
				TARGETED_DEVICE_FAMILY = "1,2";
			};
			name = Release;
		};
/* End XCBuildConfiguration section */

/* Begin XCConfigurationList section */
		99073EBE266D29B80012E431 /* Build configuration list for PBXProject "CityI​ntroductionBook" */ = {
			isa = XCConfigurationList;
			buildConfigurations = (
				99073ED5266D29B90012E431 /* Debug */,
				99073ED6266D29B90012E431 /* Release */,
			);
			defaultConfigurationIsVisible = 0;
			defaultConfigurationName = Release;
		};
		99073ED7266D29B90012E431 /* Build configuration list for PBXNativeTarget "CityI​ntroductionBook" */ = {
			isa = XCConfigurationList;
			buildConfigurations = (
				99073ED8266D29B90012E431 /* Debug */,
				99073ED9266D29B90012E431 /* Release */,
			);
			defaultConfigurationIsVisible = 0;
			defaultConfigurationName = Release;
		};
/* End XCConfigurationList section */
	};
	rootObject = 99073EBB266D29B80012E431 /* Project object */;
}
